
Microsoft Visual Studio Solution File, Format Version 12.00
# Visual Studio Version 17
VisualStudioVersion = 17.6.33801.468
MinimumVisualStudioVersion = 10.0.40219.1
Project("{FAE04EC0-301F-11D3-BF4B-00C04F79EFBC}") = "exerciseBackend", "exerciseBackend\exerciseBackend.csproj", "{99E6F086-6E4E-4548-805B-5E5AF072F6F7}"
EndProject
Global
	GlobalSection(SolutionConfigurationPlatforms) = preSolution
		Debug|Any CPU = Debug|Any CPU
		Release|Any CPU = Release|Any CPU
	EndGlobalSection
	GlobalSection(ProjectConfigurationPlatforms) = postSolution
		{99E6F086-6E4E-4548-805B-5E5AF072F6F7}.Debug|Any CPU.ActiveCfg = Debug|Any CPU
		{99E6F086-6E4E-4548-805B-5E5AF072F6F7}.Debug|Any CPU.Build.0 = Debug|Any CPU
		{99E6F086-6E4E-4548-805B-5E5AF072F6F7}.Release|Any CPU.ActiveCfg = Release|Any CPU
		{99E6F086-6E4E-4548-805B-5E5AF072F6F7}.Release|Any CPU.Build.0 = Release|Any CPU
	EndGlobalSection
	GlobalSection(SolutionProperties) = preSolution
		HideSolutionNode = FALSE
	EndGlobalSection
	GlobalSection(ExtensibilityGlobals) = postSolution
		SolutionGuid = {E4D259D4-E075-4A38-B96C-D1135516523B}
	EndGlobalSection
EndGlobal
